# THIS IS AN AUTOGENERATED FILE. DO NOT EDIT THIS FILE DIRECTLY.
# yarn lockfile v1


v-tag-input@^0.0.3:
  version "0.0.3"
  resolved "https://registry.yarnpkg.com/v-tag-input/-/v-tag-input-0.0.3.tgz#7d4162952a822ad9d8e9fa1a65f1b099a9619327"

v-tag-list@^0.0.2:
  version "0.0.2"
  resolved "https://registry.yarnpkg.com/v-tag-list/-/v-tag-list-0.0.2.tgz#ba91d419d042f1df3afdfa6a34884b693a3fbba3"
